// !$*UTF8*$!
{
	archiveVersion = 1;
	classes = {
	};
	objectVersion = 46;
	objects = {

/* Begin PBXBuildFile section */
		5AC571C41EF81D03002ED5E8 /* Stickers.xcassets in Resources */ = {isa = PBXBuildFile; fileRef = 5AC571C31EF81D03002ED5E8 /* Stickers.xcassets */; };
		5AC571C81EF81D03002ED5E8 /* ExampleStickerPack.appex in Embed App Extensions */ = {isa = PBXBuildFile; fileRef = 5AC571C11EF81D03002ED5E8 /* ExampleStickerPack.appex */; settings = {ATTRIBUTES = (RemoveHeadersOnCopy, ); }; };
		A55E38A91B276F4C00EAF0B8 /* InterfaceController.m in Sources */ = {isa = PBXBuildFile; fileRef = A55E38A81B276F4C00EAF0B8 /* InterfaceController.m */; };
		A55E38AC1B276F4C00EAF0B8 /* NotificationController.m in Sources */ = {isa = PBXBuildFile; fileRef = A55E38AB1B276F4C00EAF0B8 /* NotificationController.m */; };
		A55E38AE1B276F4C00EAF0B8 /* Images.xcassets in Resources */ = {isa = PBXBuildFile; fileRef = A55E38AD1B276F4C00EAF0B8 /* Images.xcassets */; };
		A55E38BA1B276F4C00EAF0B8 /* Interface.storyboard in Resources */ = {isa = PBXBuildFile; fileRef = A55E38B81B276F4C00EAF0B8 /* Interface.storyboard */; };
		A55E38BC1B276F4C00EAF0B8 /* Images.xcassets in Resources */ = {isa = PBXBuildFile; fileRef = A55E38BB1B276F4C00EAF0B8 /* Images.xcassets */; };
		A7148CCC18A397560010B761 /* Foundation.framework in Frameworks */ = {isa = PBXBuildFile; fileRef = A7148CCB18A397560010B761 /* Foundation.framework */; };
		A7148CCE18A397560010B761 /* CoreGraphics.framework in Frameworks */ = {isa = PBXBuildFile; fileRef = A7148CCD18A397560010B761 /* CoreGraphics.framework */; };
		A7148CD018A397560010B761 /* UIKit.framework in Frameworks */ = {isa = PBXBuildFile; fileRef = A7148CCF18A397560010B761 /* UIKit.framework */; };
		A7148CD618A397560010B761 /* InfoPlist.strings in Resources */ = {isa = PBXBuildFile; fileRef = A7148CD418A397560010B761 /* InfoPlist.strings */; };
		A7148CD818A397560010B761 /* main.m in Sources */ = {isa = PBXBuildFile; fileRef = A7148CD718A397560010B761 /* main.m */; };
		A7148CDC18A397560010B761 /* AppDelegate.m in Sources */ = {isa = PBXBuildFile; fileRef = A7148CDB18A397560010B761 /* AppDelegate.m */; };
		A7148CDF18A397560010B761 /* Main_iPhone.storyboard in Resources */ = {isa = PBXBuildFile; fileRef = A7148CDD18A397560010B761 /* Main_iPhone.storyboard */; };
		A7148CE218A397560010B761 /* Main_iPad.storyboard in Resources */ = {isa = PBXBuildFile; fileRef = A7148CE018A397560010B761 /* Main_iPad.storyboard */; };
		A7148CE518A397560010B761 /* FirstViewController.m in Sources */ = {isa = PBXBuildFile; fileRef = A7148CE418A397560010B761 /* FirstViewController.m */; };
		A7148CE818A397560010B761 /* SecondViewController.m in Sources */ = {isa = PBXBuildFile; fileRef = A7148CE718A397560010B761 /* SecondViewController.m */; };
		A7148CEA18A397560010B761 /* Images.xcassets in Resources */ = {isa = PBXBuildFile; fileRef = A7148CE918A397560010B761 /* Images.xcassets */; };
		A7148CF118A397560010B761 /* XCTest.framework in Frameworks */ = {isa = PBXBuildFile; fileRef = A7148CF018A397560010B761 /* XCTest.framework */; };
		A7148CF218A397560010B761 /* Foundation.framework in Frameworks */ = {isa = PBXBuildFile; fileRef = A7148CCB18A397560010B761 /* Foundation.framework */; };
		A7148CF318A397560010B761 /* UIKit.framework in Frameworks */ = {isa = PBXBuildFile; fileRef = A7148CCF18A397560010B761 /* UIKit.framework */; };
		A7148CFB18A397570010B761 /* InfoPlist.strings in Resources */ = {isa = PBXBuildFile; fileRef = A7148CF918A397570010B761 /* InfoPlist.strings */; };
		A7148CFD18A397570010B761 /* ExampleTests.m in Sources */ = {isa = PBXBuildFile; fileRef = A7148CFC18A397570010B761 /* ExampleTests.m */; };
		A7304B491D1AD1210075EBF1 /* Example WatchKit Extension.appex in Embed App Extensions */ = {isa = PBXBuildFile; fileRef = A55E38A21B276F4C00EAF0B8 /* Example WatchKit Extension.appex */; settings = {ATTRIBUTES = (RemoveHeadersOnCopy, ); }; };
		A7304B4C1D1AD1210075EBF1 /* Example WatchKit App.app in Embed Watch Content */ = {isa = PBXBuildFile; fileRef = A55E38B11B276F4C00EAF0B8 /* Example WatchKit App.app */; };
		A758368D1DD64A5E00449D21 /* SampleImages.xcassets in Resources */ = {isa = PBXBuildFile; fileRef = A758368C1DD64A5E00449D21 /* SampleImages.xcassets */; };
		D99F95471A0EBB11007BB79F /* NotificationCenter.framework in Frameworks */ = {isa = PBXBuildFile; fileRef = D99F95461A0EBB11007BB79F /* NotificationCenter.framework */; };
		D99F954D1A0EBB11007BB79F /* TodayViewController.m in Sources */ = {isa = PBXBuildFile; fileRef = D99F954C1A0EBB11007BB79F /* TodayViewController.m */; };
		D99F954F1A0EBB11007BB79F /* MainInterface.storyboard in Resources */ = {isa = PBXBuildFile; fileRef = D99F954E1A0EBB11007BB79F /* MainInterface.storyboard */; };
		D99F95521A0EBB11007BB79F /* ExampleTodayWidget.appex in Embed App Extensions */ = {isa = PBXBuildFile; fileRef = D99F95451A0EBB11007BB79F /* ExampleTodayWidget.appex */; settings = {ATTRIBUTES = (RemoveHeadersOnCopy, ); }; };
/* End PBXBuildFile section */

/* Begin PBXContainerItemProxy section */
		5AC571C61EF81D03002ED5E8 /* PBXContainerItemProxy */ = {
			isa = PBXContainerItemProxy;
			containerPortal = A7148CC018A397560010B761 /* Project object */;
			proxyType = 1;
			remoteGlobalIDString = 5AC571C01EF81D03002ED5E8;
			remoteInfo = ExampleStickerPack;
		};
		A7304B471D1AD1210075EBF1 /* PBXContainerItemProxy */ = {
			isa = PBXContainerItemProxy;
			containerPortal = A7148CC018A397560010B761 /* Project object */;
			proxyType = 1;
			remoteGlobalIDString = A55E38A11B276F4C00EAF0B8;
			remoteInfo = "Example WatchKit Extension";
		};
		A7304B4A1D1AD1210075EBF1 /* PBXContainerItemProxy */ = {
			isa = PBXContainerItemProxy;
			containerPortal = A7148CC018A397560010B761 /* Project object */;
			proxyType = 1;
			remoteGlobalIDString = A55E38B01B276F4C00EAF0B8;
			remoteInfo = "Example WatchKit App";
		};
		A7EA9F3D1AEA69C40025AB8D /* PBXContainerItemProxy */ = {
			isa = PBXContainerItemProxy;
			containerPortal = A7148CC018A397560010B761 /* Project object */;
			proxyType = 1;
			remoteGlobalIDString = A7148CC718A397560010B761;
			remoteInfo = Example;
		};
		D99F95501A0EBB11007BB79F /* PBXContainerItemProxy */ = {
			isa = PBXContainerItemProxy;
			containerPortal = A7148CC018A397560010B761 /* Project object */;
			proxyType = 1;
			remoteGlobalIDString = D99F95441A0EBB11007BB79F;
			remoteInfo = ExampleTodayWidget;
		};
/* End PBXContainerItemProxy section */

/* Begin PBXCopyFilesBuildPhase section */
		A7304B4D1D1AD1210075EBF1 /* Embed App Extensions */ = {
			isa = PBXCopyFilesBuildPhase;
			buildActionMask = 2147483647;
			dstPath = "";
			dstSubfolderSpec = 13;
			files = (
				A7304B491D1AD1210075EBF1 /* Example WatchKit Extension.appex in Embed App Extensions */,
			);
			name = "Embed App Extensions";
			runOnlyForDeploymentPostprocessing = 0;
		};
		A7304B4E1D1AD1210075EBF1 /* Embed Watch Content */ = {
			isa = PBXCopyFilesBuildPhase;
			buildActionMask = 2147483647;
			dstPath = "$(CONTENTS_FOLDER_PATH)/Watch";
			dstSubfolderSpec = 16;
			files = (
				A7304B4C1D1AD1210075EBF1 /* Example WatchKit App.app in Embed Watch Content */,
			);
			name = "Embed Watch Content";
			runOnlyForDeploymentPostprocessing = 0;
		};
		D99F95561A0EBB11007BB79F /* Embed App Extensions */ = {
			isa = PBXCopyFilesBuildPhase;
			buildActionMask = 2147483647;
			dstPath = "";
			dstSubfolderSpec = 13;
			files = (
				5AC571C81EF81D03002ED5E8 /* ExampleStickerPack.appex in Embed App Extensions */,
				D99F95521A0EBB11007BB79F /* ExampleTodayWidget.appex in Embed App Extensions */,
			);
			name = "Embed App Extensions";
			runOnlyForDeploymentPostprocessing = 0;
		};
/* End PBXCopyFilesBuildPhase section */

/* Begin PBXFileReference section */
		39EDF9662C7F0A282AC769B9 /* Pods.release.xcconfig */ = {isa = PBXFileReference; includeInIndex = 1; lastKnownFileType = text.xcconfig; name = Pods.release.xcconfig; path = "Pods/Target Support Files/Pods/Pods.release.xcconfig"; sourceTree = "<group>"; };
		5AC571C11EF81D03002ED5E8 /* ExampleStickerPack.appex */ = {isa = PBXFileReference; explicitFileType = "wrapper.app-extension"; includeInIndex = 0; path = ExampleStickerPack.appex; sourceTree = BUILT_PRODUCTS_DIR; };
		5AC571C31EF81D03002ED5E8 /* Stickers.xcassets */ = {isa = PBXFileReference; lastKnownFileType = folder.assetcatalog; path = Stickers.xcassets; sourceTree = "<group>"; };
		5AC571C51EF81D03002ED5E8 /* Info.plist */ = {isa = PBXFileReference; lastKnownFileType = text.plist.xml; path = Info.plist; sourceTree = "<group>"; };
		A55E38A21B276F4C00EAF0B8 /* Example WatchKit Extension.appex */ = {isa = PBXFileReference; explicitFileType = "wrapper.app-extension"; includeInIndex = 0; path = "Example WatchKit Extension.appex"; sourceTree = BUILT_PRODUCTS_DIR; };
		A55E38A51B276F4C00EAF0B8 /* Info.plist */ = {isa = PBXFileReference; lastKnownFileType = text.plist.xml; path = Info.plist; sourceTree = "<group>"; };
		A55E38A61B276F4C00EAF0B8 /* PushNotificationPayload.apns */ = {isa = PBXFileReference; lastKnownFileType = text; path = PushNotificationPayload.apns; sourceTree = "<group>"; };
		A55E38A71B276F4C00EAF0B8 /* InterfaceController.h */ = {isa = PBXFileReference; lastKnownFileType = sourcecode.c.h; path = InterfaceController.h; sourceTree = "<group>"; };
		A55E38A81B276F4C00EAF0B8 /* InterfaceController.m */ = {isa = PBXFileReference; lastKnownFileType = sourcecode.c.objc; path = InterfaceController.m; sourceTree = "<group>"; };
		A55E38AA1B276F4C00EAF0B8 /* NotificationController.h */ = {isa = PBXFileReference; lastKnownFileType = sourcecode.c.h; path = NotificationController.h; sourceTree = "<group>"; };
		A55E38AB1B276F4C00EAF0B8 /* NotificationController.m */ = {isa = PBXFileReference; lastKnownFileType = sourcecode.c.objc; path = NotificationController.m; sourceTree = "<group>"; };
		A55E38AD1B276F4C00EAF0B8 /* Images.xcassets */ = {isa = PBXFileReference; lastKnownFileType = folder.assetcatalog; path = Images.xcassets; sourceTree = "<group>"; };
		A55E38B11B276F4C00EAF0B8 /* Example WatchKit App.app */ = {isa = PBXFileReference; explicitFileType = wrapper.application; includeInIndex = 0; path = "Example WatchKit App.app"; sourceTree = BUILT_PRODUCTS_DIR; };
		A55E38B71B276F4C00EAF0B8 /* Info.plist */ = {isa = PBXFileReference; lastKnownFileType = text.plist.xml; path = Info.plist; sourceTree = "<group>"; };
		A55E38B91B276F4C00EAF0B8 /* Base */ = {isa = PBXFileReference; lastKnownFileType = file.storyboard; name = Base; path = Base.lproj/Interface.storyboard; sourceTree = "<group>"; };
		A55E38BB1B276F4C00EAF0B8 /* Images.xcassets */ = {isa = PBXFileReference; lastKnownFileType = folder.assetcatalog; path = Images.xcassets; sourceTree = "<group>"; };
		A7148CC818A397560010B761 /* Example.app */ = {isa = PBXFileReference; explicitFileType = wrapper.application; includeInIndex = 0; path = Example.app; sourceTree = BUILT_PRODUCTS_DIR; };
		A7148CCB18A397560010B761 /* Foundation.framework */ = {isa = PBXFileReference; lastKnownFileType = wrapper.framework; name = Foundation.framework; path = System/Library/Frameworks/Foundation.framework; sourceTree = SDKROOT; };
		A7148CCD18A397560010B761 /* CoreGraphics.framework */ = {isa = PBXFileReference; lastKnownFileType = wrapper.framework; name = CoreGraphics.framework; path = System/Library/Frameworks/CoreGraphics.framework; sourceTree = SDKROOT; };
		A7148CCF18A397560010B761 /* UIKit.framework */ = {isa = PBXFileReference; lastKnownFileType = wrapper.framework; name = UIKit.framework; path = System/Library/Frameworks/UIKit.framework; sourceTree = SDKROOT; };
		A7148CD318A397560010B761 /* Example-Info.plist */ = {isa = PBXFileReference; lastKnownFileType = text.plist.xml; path = "Example-Info.plist"; sourceTree = "<group>"; };
		A7148CD518A397560010B761 /* en */ = {isa = PBXFileReference; lastKnownFileType = text.plist.strings; name = en; path = en.lproj/InfoPlist.strings; sourceTree = "<group>"; };
		A7148CD718A397560010B761 /* main.m */ = {isa = PBXFileReference; lastKnownFileType = sourcecode.c.objc; path = main.m; sourceTree = "<group>"; };
		A7148CD918A397560010B761 /* Example-Prefix.pch */ = {isa = PBXFileReference; lastKnownFileType = sourcecode.c.h; path = "Example-Prefix.pch"; sourceTree = "<group>"; };
		A7148CDA18A397560010B761 /* AppDelegate.h */ = {isa = PBXFileReference; lastKnownFileType = sourcecode.c.h; path = AppDelegate.h; sourceTree = "<group>"; };
		A7148CDB18A397560010B761 /* AppDelegate.m */ = {isa = PBXFileReference; lastKnownFileType = sourcecode.c.objc; path = AppDelegate.m; sourceTree = "<group>"; };
		A7148CDE18A397560010B761 /* Base */ = {isa = PBXFileReference; lastKnownFileType = file.storyboard; name = Base; path = Base.lproj/Main_iPhone.storyboard; sourceTree = "<group>"; };
		A7148CE118A397560010B761 /* Base */ = {isa = PBXFileReference; lastKnownFileType = file.storyboard; name = Base; path = Base.lproj/Main_iPad.storyboard; sourceTree = "<group>"; };
		A7148CE318A397560010B761 /* FirstViewController.h */ = {isa = PBXFileReference; lastKnownFileType = sourcecode.c.h; path = FirstViewController.h; sourceTree = "<group>"; };
		A7148CE418A397560010B761 /* FirstViewController.m */ = {isa = PBXFileReference; lastKnownFileType = sourcecode.c.objc; path = FirstViewController.m; sourceTree = "<group>"; };
		A7148CE618A397560010B761 /* SecondViewController.h */ = {isa = PBXFileReference; lastKnownFileType = sourcecode.c.h; path = SecondViewController.h; sourceTree = "<group>"; };
		A7148CE718A397560010B761 /* SecondViewController.m */ = {isa = PBXFileReference; lastKnownFileType = sourcecode.c.objc; path = SecondViewController.m; sourceTree = "<group>"; };
		A7148CE918A397560010B761 /* Images.xcassets */ = {isa = PBXFileReference; lastKnownFileType = folder.assetcatalog; path = Images.xcassets; sourceTree = "<group>"; };
		A7148CEF18A397560010B761 /* ExampleTests.xctest */ = {isa = PBXFileReference; explicitFileType = wrapper.cfbundle; includeInIndex = 0; path = ExampleTests.xctest; sourceTree = BUILT_PRODUCTS_DIR; };
		A7148CF018A397560010B761 /* XCTest.framework */ = {isa = PBXFileReference; lastKnownFileType = wrapper.framework; name = XCTest.framework; path = Library/Frameworks/XCTest.framework; sourceTree = DEVELOPER_DIR; };
		A7148CF818A397570010B761 /* ExampleTests-Info.plist */ = {isa = PBXFileReference; lastKnownFileType = text.plist.xml; path = "ExampleTests-Info.plist"; sourceTree = "<group>"; };
		A7148CFA18A397570010B761 /* en */ = {isa = PBXFileReference; lastKnownFileType = text.plist.strings; name = en; path = en.lproj/InfoPlist.strings; sourceTree = "<group>"; };
		A7148CFC18A397570010B761 /* ExampleTests.m */ = {isa = PBXFileReference; lastKnownFileType = sourcecode.c.objc; path = ExampleTests.m; sourceTree = "<group>"; };
		A71876DA1E40B00100EB6E2F /* Example.entitlements */ = {isa = PBXFileReference; lastKnownFileType = text.plist.entitlements; path = Example.entitlements; sourceTree = "<group>"; };
		A758368C1DD64A5E00449D21 /* SampleImages.xcassets */ = {isa = PBXFileReference; lastKnownFileType = folder.assetcatalog; path = SampleImages.xcassets; sourceTree = "<group>"; };
		BF6E865BC7270A1D7B3681B1 /* Pods.debug.xcconfig */ = {isa = PBXFileReference; includeInIndex = 1; lastKnownFileType = text.xcconfig; name = Pods.debug.xcconfig; path = "Pods/Target Support Files/Pods/Pods.debug.xcconfig"; sourceTree = "<group>"; };
		D530D64C26790DFD000613A6 /* libPods.a */ = {isa = PBXFileReference; explicitFileType = archive.ar; includeInIndex = 0; path = libPods.a; sourceTree = BUILT_PRODUCTS_DIR; };
		D99F95451A0EBB11007BB79F /* ExampleTodayWidget.appex */ = {isa = PBXFileReference; explicitFileType = "wrapper.app-extension"; includeInIndex = 0; path = ExampleTodayWidget.appex; sourceTree = BUILT_PRODUCTS_DIR; };
		D99F95461A0EBB11007BB79F /* NotificationCenter.framework */ = {isa = PBXFileReference; lastKnownFileType = wrapper.framework; name = NotificationCenter.framework; path = System/Library/Frameworks/NotificationCenter.framework; sourceTree = SDKROOT; };
		D99F954A1A0EBB11007BB79F /* Info.plist */ = {isa = PBXFileReference; lastKnownFileType = text.plist.xml; path = Info.plist; sourceTree = "<group>"; };
		D99F954B1A0EBB11007BB79F /* TodayViewController.h */ = {isa = PBXFileReference; lastKnownFileType = sourcecode.c.h; path = TodayViewController.h; sourceTree = "<group>"; };
		D99F954C1A0EBB11007BB79F /* TodayViewController.m */ = {isa = PBXFileReference; lastKnownFileType = sourcecode.c.objc; path = TodayViewController.m; sourceTree = "<group>"; };
		D99F954E1A0EBB11007BB79F /* MainInterface.storyboard */ = {isa = PBXFileReference; lastKnownFileType = file.storyboard; path = MainInterface.storyboard; sourceTree = "<group>"; };
/* End PBXFileReference section */

/* Begin PBXFrameworksBuildPhase section */
		A55E389F1B276F4C00EAF0B8 /* Frameworks */ = {
			isa = PBXFrameworksBuildPhase;
			buildActionMask = 2147483647;
			files = (
			);
			runOnlyForDeploymentPostprocessing = 0;
		};
		A7148CC518A397560010B761 /* Frameworks */ = {
			isa = PBXFrameworksBuildPhase;
			buildActionMask = 2147483647;
			files = (
				A7148CCE18A397560010B761 /* CoreGraphics.framework in Frameworks */,
				A7148CD018A397560010B761 /* UIKit.framework in Frameworks */,
				A7148CCC18A397560010B761 /* Foundation.framework in Frameworks */,
			);
			runOnlyForDeploymentPostprocessing = 0;
		};
		A7148CEC18A397560010B761 /* Frameworks */ = {
			isa = PBXFrameworksBuildPhase;
			buildActionMask = 2147483647;
			files = (
				A7148CF118A397560010B761 /* XCTest.framework in Frameworks */,
				A7148CF318A397560010B761 /* UIKit.framework in Frameworks */,
				A7148CF218A397560010B761 /* Foundation.framework in Frameworks */,
			);
			runOnlyForDeploymentPostprocessing = 0;
		};
		D99F95421A0EBB11007BB79F /* Frameworks */ = {
			isa = PBXFrameworksBuildPhase;
			buildActionMask = 2147483647;
			files = (
				D99F95471A0EBB11007BB79F /* NotificationCenter.framework in Frameworks */,
			);
			runOnlyForDeploymentPostprocessing = 0;
		};
/* End PBXFrameworksBuildPhase section */

/* Begin PBXGroup section */
		5AC571C21EF81D03002ED5E8 /* ExampleStickerPack */ = {
			isa = PBXGroup;
			children = (
				5AC571C31EF81D03002ED5E8 /* Stickers.xcassets */,
				5AC571C51EF81D03002ED5E8 /* Info.plist */,
			);
			path = ExampleStickerPack;
			sourceTree = "<group>";
		};
		990F0037E4739FAAEDACDA5A /* Pods */ = {
			isa = PBXGroup;
			children = (
				BF6E865BC7270A1D7B3681B1 /* Pods.debug.xcconfig */,
				39EDF9662C7F0A282AC769B9 /* Pods.release.xcconfig */,
			);
			name = Pods;
			sourceTree = "<group>";
		};
		A55E38A31B276F4C00EAF0B8 /* Example WatchKit Extension */ = {
			isa = PBXGroup;
			children = (
				A55E38A71B276F4C00EAF0B8 /* InterfaceController.h */,
				A55E38A81B276F4C00EAF0B8 /* InterfaceController.m */,
				A55E38AA1B276F4C00EAF0B8 /* NotificationController.h */,
				A55E38AB1B276F4C00EAF0B8 /* NotificationController.m */,
				A55E38AD1B276F4C00EAF0B8 /* Images.xcassets */,
				A55E38A41B276F4C00EAF0B8 /* Supporting Files */,
			);
			path = "Example WatchKit Extension";
			sourceTree = "<group>";
		};
		A55E38A41B276F4C00EAF0B8 /* Supporting Files */ = {
			isa = PBXGroup;
			children = (
				A55E38A51B276F4C00EAF0B8 /* Info.plist */,
				A55E38A61B276F4C00EAF0B8 /* PushNotificationPayload.apns */,
			);
			name = "Supporting Files";
			sourceTree = "<group>";
		};
		A55E38B51B276F4C00EAF0B8 /* Example WatchKit App */ = {
			isa = PBXGroup;
			children = (
				A55E38B81B276F4C00EAF0B8 /* Interface.storyboard */,
				A55E38BB1B276F4C00EAF0B8 /* Images.xcassets */,
				A55E38B61B276F4C00EAF0B8 /* Supporting Files */,
			);
			path = "Example WatchKit App";
			sourceTree = "<group>";
		};
		A55E38B61B276F4C00EAF0B8 /* Supporting Files */ = {
			isa = PBXGroup;
			children = (
				A55E38B71B276F4C00EAF0B8 /* Info.plist */,
			);
			name = "Supporting Files";
			sourceTree = "<group>";
		};
		A7148CBF18A397560010B761 = {
			isa = PBXGroup;
			children = (
				A7148CD118A397560010B761 /* Example */,
				A7148CF618A397560010B761 /* ExampleTests */,
				D99F95481A0EBB11007BB79F /* ExampleTodayWidget */,
				A55E38A31B276F4C00EAF0B8 /* Example WatchKit Extension */,
				A55E38B51B276F4C00EAF0B8 /* Example WatchKit App */,
				5AC571C21EF81D03002ED5E8 /* ExampleStickerPack */,
				A7148CCA18A397560010B761 /* Frameworks */,
				A7148CC918A397560010B761 /* Products */,
				990F0037E4739FAAEDACDA5A /* Pods */,
			);
			sourceTree = "<group>";
		};
		A7148CC918A397560010B761 /* Products */ = {
			isa = PBXGroup;
			children = (
				A7148CC818A397560010B761 /* Example.app */,
				A7148CEF18A397560010B761 /* ExampleTests.xctest */,
				D99F95451A0EBB11007BB79F /* ExampleTodayWidget.appex */,
				A55E38A21B276F4C00EAF0B8 /* Example WatchKit Extension.appex */,
				A55E38B11B276F4C00EAF0B8 /* Example WatchKit App.app */,
				5AC571C11EF81D03002ED5E8 /* ExampleStickerPack.appex */,
			);
			name = Products;
			sourceTree = "<group>";
		};
		A7148CCA18A397560010B761 /* Frameworks */ = {
			isa = PBXGroup;
			children = (
				A7148CCB18A397560010B761 /* Foundation.framework */,
				A7148CCD18A397560010B761 /* CoreGraphics.framework */,
				A7148CCF18A397560010B761 /* UIKit.framework */,
				A7148CF018A397560010B761 /* XCTest.framework */,
				D530D64C26790DFD000613A6 /* libPods.a */,
				D99F95461A0EBB11007BB79F /* NotificationCenter.framework */,
			);
			name = Frameworks;
			sourceTree = "<group>";
		};
		A7148CD118A397560010B761 /* Example */ = {
			isa = PBXGroup;
			children = (
				A71876DA1E40B00100EB6E2F /* Example.entitlements */,
				A7148CDA18A397560010B761 /* AppDelegate.h */,
				A7148CDB18A397560010B761 /* AppDelegate.m */,
				A7148CDD18A397560010B761 /* Main_iPhone.storyboard */,
				A7148CE018A397560010B761 /* Main_iPad.storyboard */,
				A7148CE318A397560010B761 /* FirstViewController.h */,
				A7148CE418A397560010B761 /* FirstViewController.m */,
				A7148CE618A397560010B761 /* SecondViewController.h */,
				A7148CE718A397560010B761 /* SecondViewController.m */,
				A7148CE918A397560010B761 /* Images.xcassets */,
				A7148CD218A397560010B761 /* Supporting Files */,
				A758368C1DD64A5E00449D21 /* SampleImages.xcassets */,
			);
			path = Example;
			sourceTree = "<group>";
		};
		A7148CD218A397560010B761 /* Supporting Files */ = {
			isa = PBXGroup;
			children = (
				A7148CD318A397560010B761 /* Example-Info.plist */,
				A7148CD418A397560010B761 /* InfoPlist.strings */,
				A7148CD718A397560010B761 /* main.m */,
				A7148CD918A397560010B761 /* Example-Prefix.pch */,
			);
			name = "Supporting Files";
			sourceTree = "<group>";
		};
		A7148CF618A397560010B761 /* ExampleTests */ = {
			isa = PBXGroup;
			children = (
				A7148CFC18A397570010B761 /* ExampleTests.m */,
				A7148CF718A397570010B761 /* Supporting Files */,
			);
			path = ExampleTests;
			sourceTree = "<group>";
		};
		A7148CF718A397570010B761 /* Supporting Files */ = {
			isa = PBXGroup;
			children = (
				A7148CF818A397570010B761 /* ExampleTests-Info.plist */,
				A7148CF918A397570010B761 /* InfoPlist.strings */,
			);
			name = "Supporting Files";
			sourceTree = "<group>";
		};
		D99F95481A0EBB11007BB79F /* ExampleTodayWidget */ = {
			isa = PBXGroup;
			children = (
				D99F954B1A0EBB11007BB79F /* TodayViewController.h */,
				D99F954C1A0EBB11007BB79F /* TodayViewController.m */,
				D99F954E1A0EBB11007BB79F /* MainInterface.storyboard */,
				D99F95491A0EBB11007BB79F /* Supporting Files */,
			);
			path = ExampleTodayWidget;
			sourceTree = "<group>";
		};
		D99F95491A0EBB11007BB79F /* Supporting Files */ = {
			isa = PBXGroup;
			children = (
				D99F954A1A0EBB11007BB79F /* Info.plist */,
			);
			name = "Supporting Files";
			sourceTree = "<group>";
		};
/* End PBXGroup section */

/* Begin PBXNativeTarget section */
		5AC571C01EF81D03002ED5E8 /* ExampleStickerPack */ = {
			isa = PBXNativeTarget;
			buildConfigurationList = 5AC571CC1EF81D03002ED5E8 /* Build configuration list for PBXNativeTarget "ExampleStickerPack" */;
			buildPhases = (
				5AC571BF1EF81D03002ED5E8 /* Resources */,
			);
			buildRules = (
			);
			dependencies = (
			);
			name = ExampleStickerPack;
			productName = ExampleStickerPack;
			productReference = 5AC571C11EF81D03002ED5E8 /* ExampleStickerPack.appex */;
			productType = "com.apple.product-type.app-extension.messages-sticker-pack";
		};
		A55E38A11B276F4C00EAF0B8 /* Example WatchKit Extension */ = {
			isa = PBXNativeTarget;
			buildConfigurationList = A55E38C51B276F4C00EAF0B8 /* Build configuration list for PBXNativeTarget "Example WatchKit Extension" */;
			buildPhases = (
				A55E389E1B276F4C00EAF0B8 /* Sources */,
				A55E389F1B276F4C00EAF0B8 /* Frameworks */,
				A55E38A01B276F4C00EAF0B8 /* Resources */,
			);
			buildRules = (
			);
			dependencies = (
			);
			name = "Example WatchKit Extension";
			productName = "Example WatchKit Extension";
			productReference = A55E38A21B276F4C00EAF0B8 /* Example WatchKit Extension.appex */;
			productType = "com.apple.product-type.watchkit2-extension";
		};
		A55E38B01B276F4C00EAF0B8 /* Example WatchKit App */ = {
			isa = PBXNativeTarget;
			buildConfigurationList = A55E38C41B276F4C00EAF0B8 /* Build configuration list for PBXNativeTarget "Example WatchKit App" */;
			buildPhases = (
				A55E38AF1B276F4C00EAF0B8 /* Resources */,
				A7304B4D1D1AD1210075EBF1 /* Embed App Extensions */,
			);
			buildRules = (
			);
			dependencies = (
				A7304B481D1AD1210075EBF1 /* PBXTargetDependency */,
			);
			name = "Example WatchKit App";
			productName = "Example WatchKit App";
			productReference = A55E38B11B276F4C00EAF0B8 /* Example WatchKit App.app */;
			productType = "com.apple.product-type.application.watchapp2";
		};
		A7148CC718A397560010B761 /* Example */ = {
			isa = PBXNativeTarget;
			buildConfigurationList = A7148D0018A397570010B761 /* Build configuration list for PBXNativeTarget "Example" */;
			buildPhases = (
				A7148CC418A397560010B761 /* Sources */,
				A7148CC518A397560010B761 /* Frameworks */,
				A7148CC618A397560010B761 /* Resources */,
				D99F95561A0EBB11007BB79F /* Embed App Extensions */,
				A7304B4E1D1AD1210075EBF1 /* Embed Watch Content */,
			);
			buildRules = (
			);
			dependencies = (
				D99F95511A0EBB11007BB79F /* PBXTargetDependency */,
				A7304B4B1D1AD1210075EBF1 /* PBXTargetDependency */,
				5AC571C71EF81D03002ED5E8 /* PBXTargetDependency */,
			);
			name = Example;
			productName = Example;
			productReference = A7148CC818A397560010B761 /* Example.app */;
			productType = "com.apple.product-type.application";
		};
		A7148CEE18A397560010B761 /* ExampleTests */ = {
			isa = PBXNativeTarget;
			buildConfigurationList = A7148D0318A397570010B761 /* Build configuration list for PBXNativeTarget "ExampleTests" */;
			buildPhases = (
				A7148CEB18A397560010B761 /* Sources */,
				A7148CEC18A397560010B761 /* Frameworks */,
				A7148CED18A397560010B761 /* Resources */,
			);
			buildRules = (
			);
			dependencies = (
				A7EA9F3E1AEA69C40025AB8D /* PBXTargetDependency */,
			);
			name = ExampleTests;
			productName = ExampleTests;
			productReference = A7148CEF18A397560010B761 /* ExampleTests.xctest */;
			productType = "com.apple.product-type.bundle.unit-test";
		};
		D99F95441A0EBB11007BB79F /* ExampleTodayWidget */ = {
			isa = PBXNativeTarget;
			buildConfigurationList = D99F95551A0EBB11007BB79F /* Build configuration list for PBXNativeTarget "ExampleTodayWidget" */;
			buildPhases = (
				D99F95411A0EBB11007BB79F /* Sources */,
				D99F95421A0EBB11007BB79F /* Frameworks */,
				D99F95431A0EBB11007BB79F /* Resources */,
			);
			buildRules = (
			);
			dependencies = (
			);
			name = ExampleTodayWidget;
			productName = ExampleTodayWidget;
			productReference = D99F95451A0EBB11007BB79F /* ExampleTodayWidget.appex */;
			productType = "com.apple.product-type.app-extension";
		};
/* End PBXNativeTarget section */

/* Begin PBXProject section */
		A7148CC018A397560010B761 /* Project object */ = {
			isa = PBXProject;
			attributes = {
				KnownAssetTags = (
					SampleImages,
				);
				LastUpgradeCheck = 1150;
				ORGANIZATIONNAME = "Rene Pirringer";
				TargetAttributes = {
					5AC571C01EF81D03002ED5E8 = {
						CreatedOnToolsVersion = 8.3.3;
						DevelopmentTeam = ED5DV56QPQ;
						ProvisioningStyle = Automatic;
					};
					A55E38A11B276F4C00EAF0B8 = {
						CreatedOnToolsVersion = 6.3.2;
						DevelopmentTeam = ED5DV56QPQ;
					};
					A55E38B01B276F4C00EAF0B8 = {
						CreatedOnToolsVersion = 6.3.2;
						DevelopmentTeam = ED5DV56QPQ;
					};
					A7148CC718A397560010B761 = {
						DevelopmentTeam = ED5DV56QPQ;
						SystemCapabilities = {
							com.apple.ApplicationGroups.iOS = {
								enabled = 1;
							};
							com.apple.DataProtection = {
								enabled = 1;
							};
							com.apple.Keychain = {
								enabled = 0;
							};
							com.apple.SafariKeychain = {
								enabled = 1;
							};
							com.apple.Siri = {
								enabled = 1;
							};
						};
					};
					A7148CEE18A397560010B761 = {
						TestTargetID = A7148CC718A397560010B761;
					};
					D99F95441A0EBB11007BB79F = {
						CreatedOnToolsVersion = 6.1;
						DevelopmentTeam = ED5DV56QPQ;
					};
				};
			};
			buildConfigurationList = A7148CC318A397560010B761 /* Build configuration list for PBXProject "Example" */;
			compatibilityVersion = "Xcode 3.2";
			developmentRegion = en;
			hasScannedForEncodings = 0;
			knownRegions = (
				en,
				Base,
			);
			mainGroup = A7148CBF18A397560010B761;
			productRefGroup = A7148CC918A397560010B761 /* Products */;
			projectDirPath = "";
			projectRoot = "";
			targets = (
				A7148CC718A397560010B761 /* Example */,
				A7148CEE18A397560010B761 /* ExampleTests */,
				D99F95441A0EBB11007BB79F /* ExampleTodayWidget */,
				A55E38A11B276F4C00EAF0B8 /* Example WatchKit Extension */,
				A55E38B01B276F4C00EAF0B8 /* Example WatchKit App */,
				5AC571C01EF81D03002ED5E8 /* ExampleStickerPack */,
			);
		};
/* End PBXProject section */

/* Begin PBXResourcesBuildPhase section */
		5AC571BF1EF81D03002ED5E8 /* Resources */ = {
			isa = PBXResourcesBuildPhase;
			buildActionMask = 2147483647;
			files = (
				5AC571C41EF81D03002ED5E8 /* Stickers.xcassets in Resources */,
			);
			runOnlyForDeploymentPostprocessing = 0;
		};
		A55E38A01B276F4C00EAF0B8 /* Resources */ = {
			isa = PBXResourcesBuildPhase;
			buildActionMask = 2147483647;
			files = (
				A55E38AE1B276F4C00EAF0B8 /* Images.xcassets in Resources */,
			);
			runOnlyForDeploymentPostprocessing = 0;
		};
		A55E38AF1B276F4C00EAF0B8 /* Resources */ = {
			isa = PBXResourcesBuildPhase;
			buildActionMask = 2147483647;
			files = (
				A55E38BA1B276F4C00EAF0B8 /* Interface.storyboard in Resources */,
				A55E38BC1B276F4C00EAF0B8 /* Images.xcassets in Resources */,
			);
			runOnlyForDeploymentPostprocessing = 0;
		};
		A7148CC618A397560010B761 /* Resources */ = {
			isa = PBXResourcesBuildPhase;
			buildActionMask = 2147483647;
			files = (
				A7148CE218A397560010B761 /* Main_iPad.storyboard in Resources */,
				A758368D1DD64A5E00449D21 /* SampleImages.xcassets in Resources */,
				A7148CEA18A397560010B761 /* Images.xcassets in Resources */,
				A7148CDF18A397560010B761 /* Main_iPhone.storyboard in Resources */,
				A7148CD618A397560010B761 /* InfoPlist.strings in Resources */,
			);
			runOnlyForDeploymentPostprocessing = 0;
		};
		A7148CED18A397560010B761 /* Resources */ = {
			isa = PBXResourcesBuildPhase;
			buildActionMask = 2147483647;
			files = (
				A7148CFB18A397570010B761 /* InfoPlist.strings in Resources */,
			);
			runOnlyForDeploymentPostprocessing = 0;
		};
		D99F95431A0EBB11007BB79F /* Resources */ = {
			isa = PBXResourcesBuildPhase;
			buildActionMask = 2147483647;
			files = (
				D99F954F1A0EBB11007BB79F /* MainInterface.storyboard in Resources */,
			);
			runOnlyForDeploymentPostprocessing = 0;
		};
/* End PBXResourcesBuildPhase section */

/* Begin PBXSourcesBuildPhase section */
		A55E389E1B276F4C00EAF0B8 /* Sources */ = {
			isa = PBXSourcesBuildPhase;
			buildActionMask = 2147483647;
			files = (
				A55E38AC1B276F4C00EAF0B8 /* NotificationController.m in Sources */,
				A55E38A91B276F4C00EAF0B8 /* InterfaceController.m in Sources */,
			);
			runOnlyForDeploymentPostprocessing = 0;
		};
		A7148CC418A397560010B761 /* Sources */ = {
			isa = PBXSourcesBuildPhase;
			buildActionMask = 2147483647;
			files = (
				A7148CE818A397560010B761 /* SecondViewController.m in Sources */,
				A7148CDC18A397560010B761 /* AppDelegate.m in Sources */,
				A7148CE518A397560010B761 /* FirstViewController.m in Sources */,
				A7148CD818A397560010B761 /* main.m in Sources */,
			);
			runOnlyForDeploymentPostprocessing = 0;
		};
		A7148CEB18A397560010B761 /* Sources */ = {
			isa = PBXSourcesBuildPhase;
			buildActionMask = 2147483647;
			files = (
				A7148CFD18A397570010B761 /* ExampleTests.m in Sources */,
			);
			runOnlyForDeploymentPostprocessing = 0;
		};
		D99F95411A0EBB11007BB79F /* Sources */ = {
			isa = PBXSourcesBuildPhase;
			buildActionMask = 2147483647;
			files = (
				D99F954D1A0EBB11007BB79F /* TodayViewController.m in Sources */,
			);
			runOnlyForDeploymentPostprocessing = 0;
		};
/* End PBXSourcesBuildPhase section */

/* Begin PBXTargetDependency section */
		5AC571C71EF81D03002ED5E8 /* PBXTargetDependency */ = {
			isa = PBXTargetDependency;
			target = 5AC571C01EF81D03002ED5E8 /* ExampleStickerPack */;
			targetProxy = 5AC571C61EF81D03002ED5E8 /* PBXContainerItemProxy */;
		};
		A7304B481D1AD1210075EBF1 /* PBXTargetDependency */ = {
			isa = PBXTargetDependency;
			target = A55E38A11B276F4C00EAF0B8 /* Example WatchKit Extension */;
			targetProxy = A7304B471D1AD1210075EBF1 /* PBXContainerItemProxy */;
		};
		A7304B4B1D1AD1210075EBF1 /* PBXTargetDependency */ = {
			isa = PBXTargetDependency;
			target = A55E38B01B276F4C00EAF0B8 /* Example WatchKit App */;
			targetProxy = A7304B4A1D1AD1210075EBF1 /* PBXContainerItemProxy */;
		};
		A7EA9F3E1AEA69C40025AB8D /* PBXTargetDependency */ = {
			isa = PBXTargetDependency;
			target = A7148CC718A397560010B761 /* Example */;
			targetProxy = A7EA9F3D1AEA69C40025AB8D /* PBXContainerItemProxy */;
		};
		D99F95511A0EBB11007BB79F /* PBXTargetDependency */ = {
			isa = PBXTargetDependency;
			target = D99F95441A0EBB11007BB79F /* ExampleTodayWidget */;
			targetProxy = D99F95501A0EBB11007BB79F /* PBXContainerItemProxy */;
		};
/* End PBXTargetDependency section */

/* Begin PBXVariantGroup section */
		A55E38B81B276F4C00EAF0B8 /* Interface.storyboard */ = {
			isa = PBXVariantGroup;
			children = (
				A55E38B91B276F4C00EAF0B8 /* Base */,
			);
			name = Interface.storyboard;
			sourceTree = "<group>";
		};
		A7148CD418A397560010B761 /* InfoPlist.strings */ = {
			isa = PBXVariantGroup;
			children = (
				A7148CD518A397560010B761 /* en */,
			);
			name = InfoPlist.strings;
			sourceTree = "<group>";
		};
		A7148CDD18A397560010B761 /* Main_iPhone.storyboard */ = {
			isa = PBXVariantGroup;
			children = (
				A7148CDE18A397560010B761 /* Base */,
			);
			name = Main_iPhone.storyboard;
			sourceTree = "<group>";
		};
		A7148CE018A397560010B761 /* Main_iPad.storyboard */ = {
			isa = PBXVariantGroup;
			children = (
				A7148CE118A397560010B761 /* Base */,
			);
			name = Main_iPad.storyboard;
			sourceTree = "<group>";
		};
		A7148CF918A397570010B761 /* InfoPlist.strings */ = {
			isa = PBXVariantGroup;
			children = (
				A7148CFA18A397570010B761 /* en */,
			);
			name = InfoPlist.strings;
			sourceTree = "<group>";
		};
/* End PBXVariantGroup section */

/* Begin XCBuildConfiguration section */
		5AC571C91EF81D03002ED5E8 /* Debug */ = {
			isa = XCBuildConfiguration;
			buildSettings = {
				ASSETCATALOG_COMPILER_APPICON_NAME = "iMessage App Icon";
				CLANG_ANALYZER_NONNULL = YES;
				CLANG_ANALYZER_NUMBER_OBJECT_CONVERSION = YES_AGGRESSIVE;
				CLANG_WARN_DOCUMENTATION_COMMENTS = YES;
				"CODE_SIGN_IDENTITY[sdk=iphoneos*]" = "iPhone Developer";
				DEBUG_INFORMATION_FORMAT = dwarf;
				DEVELOPMENT_TEAM = ED5DV56QPQ;
				GCC_WARN_UNINITIALIZED_AUTOS = YES_AGGRESSIVE;
				INFOPLIST_FILE = ExampleStickerPack/Info.plist;
				IPHONEOS_DEPLOYMENT_TARGET = 10.0;
				MTL_ENABLE_DEBUG_INFO = YES;
				PRODUCT_BUNDLE_IDENTIFIER = org.openbakery.gxp.Example.ExampleStickerPack;
				PRODUCT_NAME = "$(TARGET_NAME)";
				SKIP_INSTALL = YES;
			};
			name = Debug;
		};
		5AC571CA1EF81D03002ED5E8 /* Release */ = {
			isa = XCBuildConfiguration;
			buildSettings = {
				ASSETCATALOG_COMPILER_APPICON_NAME = "iMessage App Icon";
				CLANG_ANALYZER_NONNULL = YES;
				CLANG_ANALYZER_NUMBER_OBJECT_CONVERSION = YES_AGGRESSIVE;
				CLANG_WARN_DOCUMENTATION_COMMENTS = YES;
				"CODE_SIGN_IDENTITY[sdk=iphoneos*]" = "iPhone Developer";
				COPY_PHASE_STRIP = NO;
				DEBUG_INFORMATION_FORMAT = "dwarf-with-dsym";
				DEVELOPMENT_TEAM = ED5DV56QPQ;
				GCC_WARN_UNINITIALIZED_AUTOS = YES_AGGRESSIVE;
				INFOPLIST_FILE = ExampleStickerPack/Info.plist;
				IPHONEOS_DEPLOYMENT_TARGET = 10.0;
				MTL_ENABLE_DEBUG_INFO = NO;
				PRODUCT_BUNDLE_IDENTIFIER = org.openbakery.gxp.Example.ExampleStickerPack;
				PRODUCT_NAME = "$(TARGET_NAME)";
				SKIP_INSTALL = YES;
			};
			name = Release;
		};
		5AC571CB1EF81D03002ED5E8 /* Test */ = {
			isa = XCBuildConfiguration;
			buildSettings = {
				ASSETCATALOG_COMPILER_APPICON_NAME = "iMessage App Icon";
				CLANG_ANALYZER_NONNULL = YES;
				CLANG_ANALYZER_NUMBER_OBJECT_CONVERSION = YES_AGGRESSIVE;
				CLANG_WARN_DOCUMENTATION_COMMENTS = YES;
				"CODE_SIGN_IDENTITY[sdk=iphoneos*]" = "iPhone Developer";
				COPY_PHASE_STRIP = NO;
				DEBUG_INFORMATION_FORMAT = "dwarf-with-dsym";
				DEVELOPMENT_TEAM = ED5DV56QPQ;
				GCC_WARN_UNINITIALIZED_AUTOS = YES_AGGRESSIVE;
				INFOPLIST_FILE = ExampleStickerPack/Info.plist;
				IPHONEOS_DEPLOYMENT_TARGET = 10.0;
				MTL_ENABLE_DEBUG_INFO = NO;
				PRODUCT_BUNDLE_IDENTIFIER = org.openbakery.gxp.Example.ExampleStickerPack;
				PRODUCT_NAME = "$(TARGET_NAME)";
				SKIP_INSTALL = YES;
			};
			name = Test;
		};
		A55E38C01B276F4C00EAF0B8 /* Debug */ = {
			isa = XCBuildConfiguration;
			buildSettings = {
				CLANG_WARN_UNREACHABLE_CODE = YES;
				DEBUG_INFORMATION_FORMAT = "dwarf-with-dsym";
				DEVELOPMENT_TEAM = ED5DV56QPQ;
				ENABLE_STRICT_OBJC_MSGSEND = YES;
				GCC_NO_COMMON_BLOCKS = YES;
				GCC_PREPROCESSOR_DEFINITIONS = (
					"DEBUG=1",
					"$(inherited)",
				);
				GCC_WARN_UNINITIALIZED_AUTOS = YES_AGGRESSIVE;
				INFOPLIST_FILE = "Example WatchKit Extension/Info.plist";
				IPHONEOS_DEPLOYMENT_TARGET = 8.3;
				LD_RUNPATH_SEARCH_PATHS = "$(inherited) @executable_path/Frameworks @executable_path/../../Frameworks";
				MTL_ENABLE_DEBUG_INFO = YES;
				PRODUCT_BUNDLE_IDENTIFIER = org.openbakery.gxp.Example.watchkitapp.watchkitextension;
				PRODUCT_NAME = "${TARGET_NAME}";
				SDKROOT = watchos;
				SKIP_INSTALL = YES;
				TARGETED_DEVICE_FAMILY = 4;
				WATCHOS_DEPLOYMENT_TARGET = 2.0;
			};
			name = Debug;
		};
		A55E38C11B276F4C00EAF0B8 /* Release */ = {
			isa = XCBuildConfiguration;
			buildSettings = {
				CLANG_WARN_UNREACHABLE_CODE = YES;
				COPY_PHASE_STRIP = NO;
				DEBUG_INFORMATION_FORMAT = "dwarf-with-dsym";
				DEVELOPMENT_TEAM = ED5DV56QPQ;
				ENABLE_STRICT_OBJC_MSGSEND = YES;
				GCC_NO_COMMON_BLOCKS = YES;
				GCC_WARN_UNINITIALIZED_AUTOS = YES_AGGRESSIVE;
				INFOPLIST_FILE = "Example WatchKit Extension/Info.plist";
				IPHONEOS_DEPLOYMENT_TARGET = 8.3;
				LD_RUNPATH_SEARCH_PATHS = "$(inherited) @executable_path/Frameworks @executable_path/../../Frameworks";
				MTL_ENABLE_DEBUG_INFO = NO;
				PRODUCT_BUNDLE_IDENTIFIER = org.openbakery.gxp.Example.watchkitapp.watchkitextension;
				PRODUCT_NAME = "${TARGET_NAME}";
				SDKROOT = watchos;
				SKIP_INSTALL = YES;
				TARGETED_DEVICE_FAMILY = 4;
				WATCHOS_DEPLOYMENT_TARGET = 2.0;
			};
			name = Release;
		};
		A55E38C21B276F4C00EAF0B8 /* Debug */ = {
			isa = XCBuildConfiguration;
			buildSettings = {
				ASSETCATALOG_COMPILER_APPICON_NAME = AppIcon;
				CLANG_WARN_UNREACHABLE_CODE = YES;
				DEBUG_INFORMATION_FORMAT = "dwarf-with-dsym";
				DEVELOPMENT_TEAM = ED5DV56QPQ;
				ENABLE_STRICT_OBJC_MSGSEND = YES;
				GCC_NO_COMMON_BLOCKS = YES;
				GCC_PREPROCESSOR_DEFINITIONS = (
					"DEBUG=1",
					"$(inherited)",
				);
				GCC_WARN_UNINITIALIZED_AUTOS = YES_AGGRESSIVE;
				IBSC_MODULE = Example_WatchKit_Extension;
				INFOPLIST_FILE = "Example WatchKit App/Info.plist";
				MTL_ENABLE_DEBUG_INFO = YES;
				PRODUCT_BUNDLE_IDENTIFIER = org.openbakery.gxp.Example.watchkitapp;
				PRODUCT_NAME = "$(TARGET_NAME)";
				SDKROOT = watchos;
				SKIP_INSTALL = YES;
				TARGETED_DEVICE_FAMILY = 4;
				WATCHOS_DEPLOYMENT_TARGET = 2.0;
			};
			name = Debug;
		};
		A55E38C31B276F4C00EAF0B8 /* Release */ = {
			isa = XCBuildConfiguration;
			buildSettings = {
				ASSETCATALOG_COMPILER_APPICON_NAME = AppIcon;
				CLANG_WARN_UNREACHABLE_CODE = YES;
				COPY_PHASE_STRIP = NO;
				DEBUG_INFORMATION_FORMAT = "dwarf-with-dsym";
				DEVELOPMENT_TEAM = ED5DV56QPQ;
				ENABLE_STRICT_OBJC_MSGSEND = YES;
				GCC_NO_COMMON_BLOCKS = YES;
				GCC_WARN_UNINITIALIZED_AUTOS = YES_AGGRESSIVE;
				IBSC_MODULE = Example_WatchKit_Extension;
				INFOPLIST_FILE = "Example WatchKit App/Info.plist";
				MTL_ENABLE_DEBUG_INFO = NO;
				PRODUCT_BUNDLE_IDENTIFIER = org.openbakery.gxp.Example.watchkitapp;
				PRODUCT_NAME = "$(TARGET_NAME)";
				SDKROOT = watchos;
				SKIP_INSTALL = YES;
				TARGETED_DEVICE_FAMILY = 4;
				WATCHOS_DEPLOYMENT_TARGET = 2.0;
			};
			name = Release;
		};
		A7148CFE18A397570010B761 /* Debug */ = {
			isa = XCBuildConfiguration;
			buildSettings = {
				ALWAYS_SEARCH_USER_PATHS = NO;
				CLANG_ANALYZER_LOCALIZABILITY_NONLOCALIZED = YES;
				CLANG_CXX_LANGUAGE_STANDARD = "gnu++0x";
				CLANG_CXX_LIBRARY = "libc++";
				CLANG_ENABLE_MODULES = YES;
				CLANG_ENABLE_OBJC_ARC = YES;
				CLANG_WARN_BLOCK_CAPTURE_AUTORELEASING = YES;
				CLANG_WARN_BOOL_CONVERSION = YES;
				CLANG_WARN_COMMA = YES;
				CLANG_WARN_CONSTANT_CONVERSION = YES;
				CLANG_WARN_DEPRECATED_OBJC_IMPLEMENTATIONS = YES;
				CLANG_WARN_DIRECT_OBJC_ISA_USAGE = YES_ERROR;
				CLANG_WARN_EMPTY_BODY = YES;
				CLANG_WARN_ENUM_CONVERSION = YES;
				CLANG_WARN_INFINITE_RECURSION = YES;
				CLANG_WARN_INT_CONVERSION = YES;
				CLANG_WARN_NON_LITERAL_NULL_CONVERSION = YES;
				CLANG_WARN_OBJC_IMPLICIT_RETAIN_SELF = YES;
				CLANG_WARN_OBJC_LITERAL_CONVERSION = YES;
				CLANG_WARN_OBJC_ROOT_CLASS = YES_ERROR;
				CLANG_WARN_RANGE_LOOP_ANALYSIS = YES;
				CLANG_WARN_STRICT_PROTOTYPES = YES;
				CLANG_WARN_SUSPICIOUS_MOVE = YES;
				CLANG_WARN_UNREACHABLE_CODE = YES;
				CLANG_WARN__DUPLICATE_METHOD_MATCH = YES;
				CODE_SIGN_IDENTITY = "iPhone Developer";
				COPY_PHASE_STRIP = NO;
				ENABLE_STRICT_OBJC_MSGSEND = YES;
				ENABLE_TESTABILITY = YES;
				GCC_C_LANGUAGE_STANDARD = gnu99;
				GCC_DYNAMIC_NO_PIC = NO;
				GCC_NO_COMMON_BLOCKS = YES;
				GCC_OPTIMIZATION_LEVEL = 0;
				GCC_PREPROCESSOR_DEFINITIONS = (
					"DEBUG=1",
					"$(inherited)",
				);
				GCC_SYMBOLS_PRIVATE_EXTERN = NO;
				GCC_WARN_64_TO_32_BIT_CONVERSION = YES;
				GCC_WARN_ABOUT_RETURN_TYPE = YES_ERROR;
				GCC_WARN_UNDECLARED_SELECTOR = YES;
				GCC_WARN_UNINITIALIZED_AUTOS = YES;
				GCC_WARN_UNUSED_FUNCTION = YES;
				GCC_WARN_UNUSED_VARIABLE = YES;
				IPHONEOS_DEPLOYMENT_TARGET = 9.0;
				ONLY_ACTIVE_ARCH = YES;
				SDKROOT = iphoneos;
				TARGETED_DEVICE_FAMILY = "1,2";
			};
			name = Debug;
		};
		A7148CFF18A397570010B761 /* Release */ = {
			isa = XCBuildConfiguration;
			buildSettings = {
				ALWAYS_SEARCH_USER_PATHS = NO;
				CLANG_ANALYZER_LOCALIZABILITY_NONLOCALIZED = YES;
				CLANG_CXX_LANGUAGE_STANDARD = "gnu++0x";
				CLANG_CXX_LIBRARY = "libc++";
				CLANG_ENABLE_MODULES = YES;
				CLANG_ENABLE_OBJC_ARC = YES;
				CLANG_WARN_BLOCK_CAPTURE_AUTORELEASING = YES;
				CLANG_WARN_BOOL_CONVERSION = YES;
				CLANG_WARN_COMMA = YES;
				CLANG_WARN_CONSTANT_CONVERSION = YES;
				CLANG_WARN_DEPRECATED_OBJC_IMPLEMENTATIONS = YES;
				CLANG_WARN_DIRECT_OBJC_ISA_USAGE = YES_ERROR;
				CLANG_WARN_EMPTY_BODY = YES;
				CLANG_WARN_ENUM_CONVERSION = YES;
				CLANG_WARN_INFINITE_RECURSION = YES;
				CLANG_WARN_INT_CONVERSION = YES;
				CLANG_WARN_NON_LITERAL_NULL_CONVERSION = YES;
				CLANG_WARN_OBJC_IMPLICIT_RETAIN_SELF = YES;
				CLANG_WARN_OBJC_LITERAL_CONVERSION = YES;
				CLANG_WARN_OBJC_ROOT_CLASS = YES_ERROR;
				CLANG_WARN_RANGE_LOOP_ANALYSIS = YES;
				CLANG_WARN_STRICT_PROTOTYPES = YES;
				CLANG_WARN_SUSPICIOUS_MOVE = YES;
				CLANG_WARN_UNREACHABLE_CODE = YES;
				CLANG_WARN__DUPLICATE_METHOD_MATCH = YES;
				CODE_SIGN_IDENTITY = "iPhone Developer";
				COPY_PHASE_STRIP = YES;
				ENABLE_NS_ASSERTIONS = NO;
				ENABLE_STRICT_OBJC_MSGSEND = YES;
				GCC_C_LANGUAGE_STANDARD = gnu99;
				GCC_NO_COMMON_BLOCKS = YES;
				GCC_WARN_64_TO_32_BIT_CONVERSION = YES;
				GCC_WARN_ABOUT_RETURN_TYPE = YES_ERROR;
				GCC_WARN_UNDECLARED_SELECTOR = YES;
				GCC_WARN_UNINITIALIZED_AUTOS = YES;
				GCC_WARN_UNUSED_FUNCTION = YES;
				GCC_WARN_UNUSED_VARIABLE = YES;
				IPHONEOS_DEPLOYMENT_TARGET = 9.0;
				SDKROOT = iphoneos;
				TARGETED_DEVICE_FAMILY = "1,2";
				VALIDATE_PRODUCT = YES;
			};
			name = Release;
		};
		A7148D0118A397570010B761 /* Debug */ = {
			isa = XCBuildConfiguration;
			buildSettings = {
				ASSETCATALOG_COMPILER_APPICON_NAME = AppIcon;
				ASSETCATALOG_COMPILER_LAUNCHIMAGE_NAME = LaunchImage;
				CODE_SIGN_ENTITLEMENTS = Example/Example.entitlements;
				DEVELOPMENT_TEAM = ED5DV56QPQ;
				GCC_GENERATE_TEST_COVERAGE_FILES = YES;
				GCC_PRECOMPILE_PREFIX_HEADER = YES;
				GCC_PREFIX_HEADER = "Example/Example-Prefix.pch";
				GCC_PREPROCESSOR_DEFINITIONS = "$(inherited)";
				INFOPLIST_FILE = "Example/Example-Info.plist";
				ON_DEMAND_RESOURCES_INITIAL_INSTALL_TAGS = SampleImages;
				OTHER_LDFLAGS = "-ObjC";
				PRODUCT_BUNDLE_IDENTIFIER = org.openbakery.gxp.Example;
				PRODUCT_NAME = "${TARGET_NAME}";
				PROVISIONING_PROFILE = "";
				WRAPPER_EXTENSION = app;
			};
			name = Debug;
		};
		A7148D0218A397570010B761 /* Release */ = {
			isa = XCBuildConfiguration;
			buildSettings = {
				ASSETCATALOG_COMPILER_APPICON_NAME = AppIcon;
				ASSETCATALOG_COMPILER_LAUNCHIMAGE_NAME = LaunchImage;
				CODE_SIGN_ENTITLEMENTS = Example/Example.entitlements;
				DEVELOPMENT_TEAM = ED5DV56QPQ;
				GCC_GENERATE_TEST_COVERAGE_FILES = YES;
				GCC_PRECOMPILE_PREFIX_HEADER = YES;
				GCC_PREFIX_HEADER = "Example/Example-Prefix.pch";
				GCC_PREPROCESSOR_DEFINITIONS = "$(inherited)";
				INFOPLIST_FILE = "Example/Example-Info.plist";
				ON_DEMAND_RESOURCES_INITIAL_INSTALL_TAGS = SampleImages;
				OTHER_LDFLAGS = "-ObjC";
				PRODUCT_BUNDLE_IDENTIFIER = org.openbakery.gxp.Example;
				PRODUCT_NAME = "${TARGET_NAME}";
				PROVISIONING_PROFILE = "";
				WRAPPER_EXTENSION = app;
			};
			name = Release;
		};
		A7148D0418A397570010B761 /* Debug */ = {
			isa = XCBuildConfiguration;
			buildSettings = {
				BUNDLE_LOADER = "$(BUILT_PRODUCTS_DIR)/Example.app/Example";
				FRAMEWORK_SEARCH_PATHS = (
					"$(SDKROOT)/Developer/Library/Frameworks",
					"$(inherited)",
					"$(DEVELOPER_FRAMEWORKS_DIR)",
				);
				GCC_PRECOMPILE_PREFIX_HEADER = YES;
				GCC_PREFIX_HEADER = "Example/Example-Prefix.pch";
				GCC_PREPROCESSOR_DEFINITIONS = (
					"DEBUG=1",
					"$(inherited)",
				);
				INFOPLIST_FILE = "ExampleTests/ExampleTests-Info.plist";
				PRODUCT_BUNDLE_IDENTIFIER = "org.openbakery.${PRODUCT_NAME:rfc1034identifier}";
				PRODUCT_NAME = "$(TARGET_NAME)";
				TEST_HOST = "$(BUNDLE_LOADER)";
				WRAPPER_EXTENSION = xctest;
			};
			name = Debug;
		};
		A7148D0518A397570010B761 /* Release */ = {
			isa = XCBuildConfiguration;
			buildSettings = {
				BUNDLE_LOADER = "$(BUILT_PRODUCTS_DIR)/Example.app/Example";
				FRAMEWORK_SEARCH_PATHS = (
					"$(SDKROOT)/Developer/Library/Frameworks",
					"$(inherited)",
					"$(DEVELOPER_FRAMEWORKS_DIR)",
				);
				GCC_PRECOMPILE_PREFIX_HEADER = YES;
				GCC_PREFIX_HEADER = "Example/Example-Prefix.pch";
				INFOPLIST_FILE = "ExampleTests/ExampleTests-Info.plist";
				PRODUCT_BUNDLE_IDENTIFIER = "org.openbakery.${PRODUCT_NAME:rfc1034identifier}";
				PRODUCT_NAME = "$(TARGET_NAME)";
				TEST_HOST = "$(BUNDLE_LOADER)";
				WRAPPER_EXTENSION = xctest;
			};
			name = Release;
		};
		A7CA42641BD7CCED00C9AF0D /* Test */ = {
			isa = XCBuildConfiguration;
			buildSettings = {
				ALWAYS_SEARCH_USER_PATHS = NO;
				CLANG_ANALYZER_LOCALIZABILITY_NONLOCALIZED = YES;
				CLANG_CXX_LANGUAGE_STANDARD = "gnu++0x";
				CLANG_CXX_LIBRARY = "libc++";
				CLANG_ENABLE_MODULES = YES;
				CLANG_ENABLE_OBJC_ARC = YES;
				CLANG_WARN_BLOCK_CAPTURE_AUTORELEASING = YES;
				CLANG_WARN_BOOL_CONVERSION = YES;
				CLANG_WARN_COMMA = YES;
				CLANG_WARN_CONSTANT_CONVERSION = YES;
				CLANG_WARN_DEPRECATED_OBJC_IMPLEMENTATIONS = YES;
				CLANG_WARN_DIRECT_OBJC_ISA_USAGE = YES_ERROR;
				CLANG_WARN_EMPTY_BODY = YES;
				CLANG_WARN_ENUM_CONVERSION = YES;
				CLANG_WARN_INFINITE_RECURSION = YES;
				CLANG_WARN_INT_CONVERSION = YES;
				CLANG_WARN_NON_LITERAL_NULL_CONVERSION = YES;
				CLANG_WARN_OBJC_IMPLICIT_RETAIN_SELF = YES;
				CLANG_WARN_OBJC_LITERAL_CONVERSION = YES;
				CLANG_WARN_OBJC_ROOT_CLASS = YES_ERROR;
				CLANG_WARN_RANGE_LOOP_ANALYSIS = YES;
				CLANG_WARN_STRICT_PROTOTYPES = YES;
				CLANG_WARN_SUSPICIOUS_MOVE = YES;
				CLANG_WARN_UNREACHABLE_CODE = YES;
				CLANG_WARN__DUPLICATE_METHOD_MATCH = YES;
				CODE_SIGN_IDENTITY = "iPhone Developer";
				COPY_PHASE_STRIP = YES;
				ENABLE_NS_ASSERTIONS = NO;
				ENABLE_STRICT_OBJC_MSGSEND = YES;
				GCC_C_LANGUAGE_STANDARD = gnu99;
				GCC_NO_COMMON_BLOCKS = YES;
				GCC_WARN_64_TO_32_BIT_CONVERSION = YES;
				GCC_WARN_ABOUT_RETURN_TYPE = YES_ERROR;
				GCC_WARN_UNDECLARED_SELECTOR = YES;
				GCC_WARN_UNINITIALIZED_AUTOS = YES;
				GCC_WARN_UNUSED_FUNCTION = YES;
				GCC_WARN_UNUSED_VARIABLE = YES;
				IPHONEOS_DEPLOYMENT_TARGET = 9.0;
				SDKROOT = iphoneos;
				TARGETED_DEVICE_FAMILY = "1,2";
				VALIDATE_PRODUCT = YES;
			};
			name = Test;
		};
		A7CA42651BD7CCED00C9AF0D /* Test */ = {
			isa = XCBuildConfiguration;
			buildSettings = {
				ASSETCATALOG_COMPILER_APPICON_NAME = AppIcon;
				ASSETCATALOG_COMPILER_LAUNCHIMAGE_NAME = LaunchImage;
				CODE_SIGN_ENTITLEMENTS = Example/Example.entitlements;
				DEVELOPMENT_TEAM = ED5DV56QPQ;
				GCC_GENERATE_TEST_COVERAGE_FILES = YES;
				GCC_PRECOMPILE_PREFIX_HEADER = YES;
				GCC_PREFIX_HEADER = "Example/Example-Prefix.pch";
				GCC_PREPROCESSOR_DEFINITIONS = "$(inherited)";
				INFOPLIST_FILE = "Example/Example-Info.plist";
				ON_DEMAND_RESOURCES_INITIAL_INSTALL_TAGS = SampleImages;
				OTHER_LDFLAGS = "-ObjC";
				PRODUCT_BUNDLE_IDENTIFIER = org.openbakery.gxp.Example;
				PRODUCT_NAME = "${TARGET_NAME}";
				PROVISIONING_PROFILE = "";
				WRAPPER_EXTENSION = app;
			};
			name = Test;
		};
		A7CA42661BD7CCED00C9AF0D /* Test */ = {
			isa = XCBuildConfiguration;
			buildSettings = {
				BUNDLE_LOADER = "$(BUILT_PRODUCTS_DIR)/Example.app/Example";
				FRAMEWORK_SEARCH_PATHS = (
					"$(SDKROOT)/Developer/Library/Frameworks",
					"$(inherited)",
					"$(DEVELOPER_FRAMEWORKS_DIR)",
				);
				GCC_PRECOMPILE_PREFIX_HEADER = YES;
				GCC_PREFIX_HEADER = "Example/Example-Prefix.pch";
				INFOPLIST_FILE = "ExampleTests/ExampleTests-Info.plist";
				PRODUCT_BUNDLE_IDENTIFIER = "org.openbakery.${PRODUCT_NAME:rfc1034identifier}";
				PRODUCT_NAME = "$(TARGET_NAME)";
				TEST_HOST = "$(BUNDLE_LOADER)";
				WRAPPER_EXTENSION = xctest;
			};
			name = Test;
		};
		A7CA42671BD7CCED00C9AF0D /* Test */ = {
			isa = XCBuildConfiguration;
			buildSettings = {
				CLANG_WARN_UNREACHABLE_CODE = YES;
				DEVELOPMENT_TEAM = ED5DV56QPQ;
				ENABLE_STRICT_OBJC_MSGSEND = YES;
				GCC_WARN_UNINITIALIZED_AUTOS = YES_AGGRESSIVE;
				INFOPLIST_FILE = ExampleTodayWidget/Info.plist;
				IPHONEOS_DEPLOYMENT_TARGET = 8.2;
				LD_RUNPATH_SEARCH_PATHS = "$(inherited) @executable_path/Frameworks @executable_path/../../Frameworks";
				MTL_ENABLE_DEBUG_INFO = NO;
				PRODUCT_BUNDLE_IDENTIFIER = org.openbakery.gxp.Example.Widget;
				PRODUCT_NAME = "$(TARGET_NAME)";
				SKIP_INSTALL = YES;
			};
			name = Test;
		};
		A7CA42681BD7CCED00C9AF0D /* Test */ = {
			isa = XCBuildConfiguration;
			buildSettings = {
				CLANG_WARN_UNREACHABLE_CODE = YES;
				COPY_PHASE_STRIP = NO;
				DEBUG_INFORMATION_FORMAT = "dwarf-with-dsym";
				DEVELOPMENT_TEAM = ED5DV56QPQ;
				ENABLE_STRICT_OBJC_MSGSEND = YES;
				GCC_NO_COMMON_BLOCKS = YES;
				GCC_WARN_UNINITIALIZED_AUTOS = YES_AGGRESSIVE;
				INFOPLIST_FILE = "Example WatchKit Extension/Info.plist";
				IPHONEOS_DEPLOYMENT_TARGET = 8.3;
				LD_RUNPATH_SEARCH_PATHS = "$(inherited) @executable_path/Frameworks @executable_path/../../Frameworks";
				MTL_ENABLE_DEBUG_INFO = NO;
				PRODUCT_BUNDLE_IDENTIFIER = org.openbakery.gxp.Example.watchkitapp.watchkitextension;
				PRODUCT_NAME = "${TARGET_NAME}";
				SDKROOT = watchos;
				SKIP_INSTALL = YES;
				TARGETED_DEVICE_FAMILY = 4;
				WATCHOS_DEPLOYMENT_TARGET = 2.0;
			};
			name = Test;
		};
		A7CA42691BD7CCED00C9AF0D /* Test */ = {
			isa = XCBuildConfiguration;
			buildSettings = {
				ASSETCATALOG_COMPILER_APPICON_NAME = AppIcon;
				CLANG_WARN_UNREACHABLE_CODE = YES;
				COPY_PHASE_STRIP = NO;
				DEBUG_INFORMATION_FORMAT = "dwarf-with-dsym";
				DEVELOPMENT_TEAM = ED5DV56QPQ;
				ENABLE_STRICT_OBJC_MSGSEND = YES;
				GCC_NO_COMMON_BLOCKS = YES;
				GCC_WARN_UNINITIALIZED_AUTOS = YES_AGGRESSIVE;
				IBSC_MODULE = Example_WatchKit_Extension;
				INFOPLIST_FILE = "Example WatchKit App/Info.plist";
				MTL_ENABLE_DEBUG_INFO = NO;
				PRODUCT_BUNDLE_IDENTIFIER = org.openbakery.gxp.Example.watchkitapp;
				PRODUCT_NAME = "$(TARGET_NAME)";
				SDKROOT = watchos;
				SKIP_INSTALL = YES;
				TARGETED_DEVICE_FAMILY = 4;
				WATCHOS_DEPLOYMENT_TARGET = 2.0;
			};
			name = Test;
		};
		D99F95531A0EBB11007BB79F /* Debug */ = {
			isa = XCBuildConfiguration;
			buildSettings = {
				CLANG_WARN_UNREACHABLE_CODE = YES;
				DEVELOPMENT_TEAM = ED5DV56QPQ;
				ENABLE_STRICT_OBJC_MSGSEND = YES;
				GCC_PREPROCESSOR_DEFINITIONS = (
					"DEBUG=1",
					"$(inherited)",
				);
				GCC_WARN_UNINITIALIZED_AUTOS = YES_AGGRESSIVE;
				INFOPLIST_FILE = ExampleTodayWidget/Info.plist;
				IPHONEOS_DEPLOYMENT_TARGET = 8.2;
				LD_RUNPATH_SEARCH_PATHS = "$(inherited) @executable_path/Frameworks @executable_path/../../Frameworks";
				MTL_ENABLE_DEBUG_INFO = YES;
				PRODUCT_BUNDLE_IDENTIFIER = org.openbakery.gxp.Example.Widget;
				PRODUCT_NAME = "$(TARGET_NAME)";
				SKIP_INSTALL = YES;
			};
			name = Debug;
		};
		D99F95541A0EBB11007BB79F /* Release */ = {
			isa = XCBuildConfiguration;
			buildSettings = {
				CLANG_WARN_UNREACHABLE_CODE = YES;
				DEVELOPMENT_TEAM = ED5DV56QPQ;
				ENABLE_STRICT_OBJC_MSGSEND = YES;
				GCC_WARN_UNINITIALIZED_AUTOS = YES_AGGRESSIVE;
				INFOPLIST_FILE = ExampleTodayWidget/Info.plist;
				IPHONEOS_DEPLOYMENT_TARGET = 8.2;
				LD_RUNPATH_SEARCH_PATHS = "$(inherited) @executable_path/Frameworks @executable_path/../../Frameworks";
				MTL_ENABLE_DEBUG_INFO = NO;
				PRODUCT_BUNDLE_IDENTIFIER = org.openbakery.gxp.Example.Widget;
				PRODUCT_NAME = "$(TARGET_NAME)";
				SKIP_INSTALL = YES;
			};
			name = Release;
		};
/* End XCBuildConfiguration section */

/* Begin XCConfigurationList section */
		5AC571CC1EF81D03002ED5E8 /* Build configuration list for PBXNativeTarget "ExampleStickerPack" */ = {
			isa = XCConfigurationList;
			buildConfigurations = (
				5AC571C91EF81D03002ED5E8 /* Debug */,
				5AC571CA1EF81D03002ED5E8 /* Release */,
				5AC571CB1EF81D03002ED5E8 /* Test */,
			);
			defaultConfigurationIsVisible = 0;
			defaultConfigurationName = Release;
		};
		A55E38C41B276F4C00EAF0B8 /* Build configuration list for PBXNativeTarget "Example WatchKit App" */ = {
			isa = XCConfigurationList;
			buildConfigurations = (
				A55E38C21B276F4C00EAF0B8 /* Debug */,
				A55E38C31B276F4C00EAF0B8 /* Release */,
				A7CA42691BD7CCED00C9AF0D /* Test */,
			);
			defaultConfigurationIsVisible = 0;
			defaultConfigurationName = Release;
		};
		A55E38C51B276F4C00EAF0B8 /* Build configuration list for PBXNativeTarget "Example WatchKit Extension" */ = {
			isa = XCConfigurationList;
			buildConfigurations = (
				A55E38C01B276F4C00EAF0B8 /* Debug */,
				A55E38C11B276F4C00EAF0B8 /* Release */,
				A7CA42681BD7CCED00C9AF0D /* Test */,
			);
			defaultConfigurationIsVisible = 0;
			defaultConfigurationName = Release;
		};
		A7148CC318A397560010B761 /* Build configuration list for PBXProject "Example" */ = {
			isa = XCConfigurationList;
			buildConfigurations = (
				A7148CFE18A397570010B761 /* Debug */,
				A7148CFF18A397570010B761 /* Release */,
				A7CA42641BD7CCED00C9AF0D /* Test */,
			);
			defaultConfigurationIsVisible = 0;
			defaultConfigurationName = Release;
		};
		A7148D0018A397570010B761 /* Build configuration list for PBXNativeTarget "Example" */ = {
			isa = XCConfigurationList;
			buildConfigurations = (
				A7148D0118A397570010B761 /* Debug */,
				A7148D0218A397570010B761 /* Release */,
				A7CA42651BD7CCED00C9AF0D /* Test */,
			);
			defaultConfigurationIsVisible = 0;
			defaultConfigurationName = Release;
		};
		A7148D0318A397570010B761 /* Build configuration list for PBXNativeTarget "ExampleTests" */ = {
			isa = XCConfigurationList;
			buildConfigurations = (
				A7148D0418A397570010B761 /* Debug */,
				A7148D0518A397570010B761 /* Release */,
				A7CA42661BD7CCED00C9AF0D /* Test */,
			);
			defaultConfigurationIsVisible = 0;
			defaultConfigurationName = Release;
		};
		D99F95551A0EBB11007BB79F /* Build configuration list for PBXNativeTarget "ExampleTodayWidget" */ = {
			isa = XCConfigurationList;
			buildConfigurations = (
				D99F95531A0EBB11007BB79F /* Debug */,
				D99F95541A0EBB11007BB79F /* Release */,
				A7CA42671BD7CCED00C9AF0D /* Test */,
			);
			defaultConfigurationIsVisible = 0;
			defaultConfigurationName = Release;
		};
/* End XCConfigurationList section */
	};
	rootObject = A7148CC018A397560010B761 /* Project object */;
}
