// !$*UTF8*$!
{
	archiveVersion = 1;
	classes = {
	};
	objectVersion = 48;
	objects = {

/* Begin PBXBuildFile section */
		BF39E2F1209C51590086CBD3 /* AppDelegate.swift in Sources */ = {isa = PBXBuildFile; fileRef = BF39E2F0209C51590086CBD3 /* AppDelegate.swift */; };
		BF39E2F3209C51590086CBD3 /* ViewController.swift in Sources */ = {isa = PBXBuildFile; fileRef = BF39E2F2209C51590086CBD3 /* ViewController.swift */; };
		BF39E2F6209C51590086CBD3 /* Main.storyboard in Resources */ = {isa = PBXBuildFile; fileRef = BF39E2F4209C51590086CBD3 /* Main.storyboard */; };
		BF39E2F8209C51590086CBD3 /* Assets.xcassets in Resources */ = {isa = PBXBuildFile; fileRef = BF39E2F7209C51590086CBD3 /* Assets.xcassets */; };
		BF39E2FB209C51590086CBD3 /* LaunchScreen.storyboard in Resources */ = {isa = PBXBuildFile; fileRef = BF39E2F9209C51590086CBD3 /* LaunchScreen.storyboard */; };
/* End PBXBuildFile section */

/* Begin PBXFileReference section */
		BF39E2ED209C51590086CBD3 /* functionaltestproject.app */ = {isa = PBXFileReference; explicitFileType = wrapper.application; includeInIndex = 0; path = functionaltestproject.app; sourceTree = BUILT_PRODUCTS_DIR; };
		BF39E2F0209C51590086CBD3 /* AppDelegate.swift */ = {isa = PBXFileReference; lastKnownFileType = sourcecode.swift; path = AppDelegate.swift; sourceTree = "<group>"; };
		BF39E2F2209C51590086CBD3 /* ViewController.swift */ = {isa = PBXFileReference; lastKnownFileType = sourcecode.swift; path = ViewController.swift; sourceTree = "<group>"; };
		BF39E2F5209C51590086CBD3 /* Base */ = {isa = PBXFileReference; lastKnownFileType = file.storyboard; name = Base; path = Base.lproj/Main.storyboard; sourceTree = "<group>"; };
		BF39E2F7209C51590086CBD3 /* Assets.xcassets */ = {isa = PBXFileReference; lastKnownFileType = folder.assetcatalog; path = Assets.xcassets; sourceTree = "<group>"; };
		BF39E2FA209C51590086CBD3 /* Base */ = {isa = PBXFileReference; lastKnownFileType = file.storyboard; name = Base; path = Base.lproj/LaunchScreen.storyboard; sourceTree = "<group>"; };
		BF39E2FC209C51590086CBD3 /* Info.plist */ = {isa = PBXFileReference; lastKnownFileType = text.plist.xml; path = Info.plist; sourceTree = "<group>"; };
/* End PBXFileReference section */

/* Begin PBXFrameworksBuildPhase section */
		BF39E2EA209C51590086CBD3 /* Frameworks */ = {
			isa = PBXFrameworksBuildPhase;
			buildActionMask = 2147483647;
			files = (
			);
			runOnlyForDeploymentPostprocessing = 0;
		};
/* End PBXFrameworksBuildPhase section */

/* Begin PBXGroup section */
		BF39E2E4209C51590086CBD3 = {
			isa = PBXGroup;
			children = (
				BF39E2EF209C51590086CBD3 /* functionaltestproject */,
				BF39E2EE209C51590086CBD3 /* Products */,
			);
			sourceTree = "<group>";
		};
		BF39E2EE209C51590086CBD3 /* Products */ = {
			isa = PBXGroup;
			children = (
				BF39E2ED209C51590086CBD3 /* functionaltestproject.app */,
			);
			name = Products;
			sourceTree = "<group>";
		};
		BF39E2EF209C51590086CBD3 /* functionaltestproject */ = {
			isa = PBXGroup;
			children = (
				BF39E2F0209C51590086CBD3 /* AppDelegate.swift */,
				BF39E2F2209C51590086CBD3 /* ViewController.swift */,
				BF39E2F4209C51590086CBD3 /* Main.storyboard */,
				BF39E2F7209C51590086CBD3 /* Assets.xcassets */,
				BF39E2F9209C51590086CBD3 /* LaunchScreen.storyboard */,
				BF39E2FC209C51590086CBD3 /* Info.plist */,
			);
			path = functionaltestproject;
			sourceTree = "<group>";
		};
/* End PBXGroup section */

/* Begin PBXNativeTarget section */
		BF39E2EC209C51590086CBD3 /* functionaltestproject */ = {
			isa = PBXNativeTarget;
			buildConfigurationList = BF39E2FF209C51590086CBD3 /* Build configuration list for PBXNativeTarget "functionaltestproject" */;
			buildPhases = (
				BF39E2E9209C51590086CBD3 /* Sources */,
				BF39E2EA209C51590086CBD3 /* Frameworks */,
				BF39E2EB209C51590086CBD3 /* Resources */,
			);
			buildRules = (
			);
			dependencies = (
			);
			name = functionaltestproject;
			productName = functionaltestproject;
			productReference = BF39E2ED209C51590086CBD3 /* functionaltestproject.app */;
			productType = "com.apple.product-type.application";
		};
/* End PBXNativeTarget section */

/* Begin PBXProject section */
		BF39E2E5209C51590086CBD3 /* Project object */ = {
			isa = PBXProject;
			attributes = {
				LastSwiftUpdateCheck = 0920;
				LastUpgradeCheck = 0920;
				ORGANIZATIONNAME = Massive;
				TargetAttributes = {
					BF39E2EC209C51590086CBD3 = {
						CreatedOnToolsVersion = 9.2;
						ProvisioningStyle = Automatic;
					};
				};
			};
			buildConfigurationList = BF39E2E8209C51590086CBD3 /* Build configuration list for PBXProject "functionaltestproject" */;
			compatibilityVersion = "Xcode 8.0";
			developmentRegion = en;
			hasScannedForEncodings = 0;
			knownRegions = (
				en,
				Base,
			);
			mainGroup = BF39E2E4209C51590086CBD3;
			productRefGroup = BF39E2EE209C51590086CBD3 /* Products */;
			projectDirPath = "";
			projectRoot = "";
			targets = (
				BF39E2EC209C51590086CBD3 /* functionaltestproject */,
			);
		};
/* End PBXProject section */

/* Begin PBXResourcesBuildPhase section */
		BF39E2EB209C51590086CBD3 /* Resources */ = {
			isa = PBXResourcesBuildPhase;
			buildActionMask = 2147483647;
			files = (
				BF39E2FB209C51590086CBD3 /* LaunchScreen.storyboard in Resources */,
				BF39E2F8209C51590086CBD3 /* Assets.xcassets in Resources */,
				BF39E2F6209C51590086CBD3 /* Main.storyboard in Resources */,
			);
			runOnlyForDeploymentPostprocessing = 0;
		};
/* End PBXResourcesBuildPhase section */

/* Begin PBXSourcesBuildPhase section */
		BF39E2E9209C51590086CBD3 /* Sources */ = {
			isa = PBXSourcesBuildPhase;
			buildActionMask = 2147483647;
			files = (
				BF39E2F3209C51590086CBD3 /* ViewController.swift in Sources */,
				BF39E2F1209C51590086CBD3 /* AppDelegate.swift in Sources */,
			);
			runOnlyForDeploymentPostprocessing = 0;
		};
/* End PBXSourcesBuildPhase section */

/* Begin PBXVariantGroup section */
		BF39E2F4209C51590086CBD3 /* Main.storyboard */ = {
			isa = PBXVariantGroup;
			children = (
				BF39E2F5209C51590086CBD3 /* Base */,
			);
			name = Main.storyboard;
			sourceTree = "<group>";
		};
		BF39E2F9209C51590086CBD3 /* LaunchScreen.storyboard */ = {
			isa = PBXVariantGroup;
			children = (
				BF39E2FA209C51590086CBD3 /* Base */,
			);
			name = LaunchScreen.storyboard;
			sourceTree = "<group>";
		};
/* End PBXVariantGroup section */

/* Begin XCBuildConfiguration section */
		BF39E2FD209C51590086CBD3 /* Debug */ = {
			isa = XCBuildConfiguration;
			buildSettings = {
				ALWAYS_SEARCH_USER_PATHS = NO;
				CLANG_ANALYZER_NONNULL = YES;
				CLANG_ANALYZER_NUMBER_OBJECT_CONVERSION = YES_AGGRESSIVE;
				CLANG_CXX_LANGUAGE_STANDARD = "gnu++14";
				CLANG_CXX_LIBRARY = "libc++";
				CLANG_ENABLE_MODULES = YES;
				CLANG_ENABLE_OBJC_ARC = YES;
				CLANG_WARN_BLOCK_CAPTURE_AUTORELEASING = YES;
				CLANG_WARN_BOOL_CONVERSION = YES;
				CLANG_WARN_COMMA = YES;
				CLANG_WARN_CONSTANT_CONVERSION = YES;
				CLANG_WARN_DIRECT_OBJC_ISA_USAGE = YES_ERROR;
				CLANG_WARN_DOCUMENTATION_COMMENTS = YES;
				CLANG_WARN_EMPTY_BODY = YES;
				CLANG_WARN_ENUM_CONVERSION = YES;
				CLANG_WARN_INFINITE_RECURSION = YES;
				CLANG_WARN_INT_CONVERSION = YES;
				CLANG_WARN_NON_LITERAL_NULL_CONVERSION = YES;
				CLANG_WARN_OBJC_LITERAL_CONVERSION = YES;
				CLANG_WARN_OBJC_ROOT_CLASS = YES_ERROR;
				CLANG_WARN_RANGE_LOOP_ANALYSIS = YES;
				CLANG_WARN_STRICT_PROTOTYPES = YES;
				CLANG_WARN_SUSPICIOUS_MOVE = YES;
				CLANG_WARN_UNGUARDED_AVAILABILITY = YES_AGGRESSIVE;
				CLANG_WARN_UNREACHABLE_CODE = YES;
				CLANG_WARN__DUPLICATE_METHOD_MATCH = YES;
				CODE_SIGN_IDENTITY = "iPhone Developer";
				COPY_PHASE_STRIP = NO;
				DEBUG_INFORMATION_FORMAT = dwarf;
				ENABLE_STRICT_OBJC_MSGSEND = YES;
				ENABLE_TESTABILITY = YES;
				GCC_C_LANGUAGE_STANDARD = gnu11;
				GCC_DYNAMIC_NO_PIC = NO;
				GCC_NO_COMMON_BLOCKS = YES;
				GCC_OPTIMIZATION_LEVEL = 0;
				GCC_PREPROCESSOR_DEFINITIONS = (
					"DEBUG=1",
					"$(inherited)",
				);
				GCC_WARN_64_TO_32_BIT_CONVERSION = YES;
				GCC_WARN_ABOUT_RETURN_TYPE = YES_ERROR;
				GCC_WARN_UNDECLARED_SELECTOR = YES;
				GCC_WARN_UNINITIALIZED_AUTOS = YES_AGGRESSIVE;
				GCC_WARN_UNUSED_FUNCTION = YES;
				GCC_WARN_UNUSED_VARIABLE = YES;
				IPHONEOS_DEPLOYMENT_TARGET = 11.2;
				MTL_ENABLE_DEBUG_INFO = YES;
				ONLY_ACTIVE_ARCH = YES;
				SDKROOT = iphoneos;
				SWIFT_ACTIVE_COMPILATION_CONDITIONS = DEBUG;
				SWIFT_OPTIMIZATION_LEVEL = "-Onone";
			};
			name = Debug;
		};
		BF39E2FE209C51590086CBD3 /* Release */ = {
			isa = XCBuildConfiguration;
			buildSettings = {
				ALWAYS_SEARCH_USER_PATHS = NO;
				CLANG_ANALYZER_NONNULL = YES;
				CLANG_ANALYZER_NUMBER_OBJECT_CONVERSION = YES_AGGRESSIVE;
				CLANG_CXX_LANGUAGE_STANDARD = "gnu++14";
				CLANG_CXX_LIBRARY = "libc++";
				CLANG_ENABLE_MODULES = YES;
				CLANG_ENABLE_OBJC_ARC = YES;
				CLANG_WARN_BLOCK_CAPTURE_AUTORELEASING = YES;
				CLANG_WARN_BOOL_CONVERSION = YES;
				CLANG_WARN_COMMA = YES;
				CLANG_WARN_CONSTANT_CONVERSION = YES;
				CLANG_WARN_DIRECT_OBJC_ISA_USAGE = YES_ERROR;
				CLANG_WARN_DOCUMENTATION_COMMENTS = YES;
				CLANG_WARN_EMPTY_BODY = YES;
				CLANG_WARN_ENUM_CONVERSION = YES;
				CLANG_WARN_INFINITE_RECURSION = YES;
				CLANG_WARN_INT_CONVERSION = YES;
				CLANG_WARN_NON_LITERAL_NULL_CONVERSION = YES;
				CLANG_WARN_OBJC_LITERAL_CONVERSION = YES;
				CLANG_WARN_OBJC_ROOT_CLASS = YES_ERROR;
				CLANG_WARN_RANGE_LOOP_ANALYSIS = YES;
				CLANG_WARN_STRICT_PROTOTYPES = YES;
				CLANG_WARN_SUSPICIOUS_MOVE = YES;
				CLANG_WARN_UNGUARDED_AVAILABILITY = YES_AGGRESSIVE;
				CLANG_WARN_UNREACHABLE_CODE = YES;
				CLANG_WARN__DUPLICATE_METHOD_MATCH = YES;
				CODE_SIGN_IDENTITY = "iPhone Developer";
				COPY_PHASE_STRIP = NO;
				DEBUG_INFORMATION_FORMAT = "dwarf-with-dsym";
				ENABLE_NS_ASSERTIONS = NO;
				ENABLE_STRICT_OBJC_MSGSEND = YES;
				GCC_C_LANGUAGE_STANDARD = gnu11;
				GCC_NO_COMMON_BLOCKS = YES;
				GCC_WARN_64_TO_32_BIT_CONVERSION = YES;
				GCC_WARN_ABOUT_RETURN_TYPE = YES_ERROR;
				GCC_WARN_UNDECLARED_SELECTOR = YES;
				GCC_WARN_UNINITIALIZED_AUTOS = YES_AGGRESSIVE;
				GCC_WARN_UNUSED_FUNCTION = YES;
				GCC_WARN_UNUSED_VARIABLE = YES;
				IPHONEOS_DEPLOYMENT_TARGET = 11.2;
				MTL_ENABLE_DEBUG_INFO = NO;
				SDKROOT = iphoneos;
				SWIFT_OPTIMIZATION_LEVEL = "-Owholemodule";
				VALIDATE_PRODUCT = YES;
			};
			name = Release;
		};
		BF39E300209C51590086CBD3 /* Debug */ = {
			isa = XCBuildConfiguration;
			buildSettings = {
				ASSETCATALOG_COMPILER_APPICON_NAME = AppIcon;
				CODE_SIGN_STYLE = Automatic;
				INFOPLIST_FILE = functionaltestproject/Info.plist;
				LD_RUNPATH_SEARCH_PATHS = "$(inherited) @executable_path/Frameworks";
				PRODUCT_BUNDLE_IDENTIFIER = gradle.xcode.test.functionaltestproject;
				PRODUCT_NAME = "$(TARGET_NAME)";
				SWIFT_VERSION = 4.0;
				TARGETED_DEVICE_FAMILY = "1,2";
			};
			name = Debug;
		};
		BF39E301209C51590086CBD3 /* Release */ = {
			isa = XCBuildConfiguration;
			buildSettings = {
				ASSETCATALOG_COMPILER_APPICON_NAME = AppIcon;
				CODE_SIGN_STYLE = Automatic;
				INFOPLIST_FILE = functionaltestproject/Info.plist;
				LD_RUNPATH_SEARCH_PATHS = "$(inherited) @executable_path/Frameworks";
				PRODUCT_BUNDLE_IDENTIFIER = gradle.xcode.test.functionaltestproject;
				PRODUCT_NAME = "$(TARGET_NAME)";
				SWIFT_VERSION = 4.0;
				TARGETED_DEVICE_FAMILY = "1,2";
			};
			name = Release;
		};
/* End XCBuildConfiguration section */

/* Begin XCConfigurationList section */
		BF39E2E8209C51590086CBD3 /* Build configuration list for PBXProject "functionaltestproject" */ = {
			isa = XCConfigurationList;
			buildConfigurations = (
				BF39E2FD209C51590086CBD3 /* Debug */,
				BF39E2FE209C51590086CBD3 /* Release */,
			);
			defaultConfigurationIsVisible = 0;
			defaultConfigurationName = Release;
		};
		BF39E2FF209C51590086CBD3 /* Build configuration list for PBXNativeTarget "functionaltestproject" */ = {
			isa = XCConfigurationList;
			buildConfigurations = (
				BF39E300209C51590086CBD3 /* Debug */,
				BF39E301209C51590086CBD3 /* Release */,
			);
			defaultConfigurationIsVisible = 0;
			defaultConfigurationName = Release;
		};
/* End XCConfigurationList section */
	};
	rootObject = BF39E2E5209C51590086CBD3 /* Project object */;
}
